
Microsoft Visual Studio Solution File, Format Version 11.00
# Visual Studio 2010
Project("{FAE04EC0-301F-11D3-BF4B-00C04F79EFBC}") = "SEP4C Project - Crazy Maze", "Assembly-CSharp.csproj", "{378528E5-001A-CA27-C766-A7E3EDA8ABC7}"
EndProject
Global
	GlobalSection(SolutionConfigurationPlatforms) = preSolution
		Debug|Any CPU = Debug|Any CPU
		Release|Any CPU = Release|Any CPU
	EndGlobalSection
	GlobalSection(ProjectConfigurationPlatforms) = postSolution
		{378528E5-001A-CA27-C766-A7E3EDA8ABC7}.Debug|Any CPU.ActiveCfg = Debug|Any CPU
		{378528E5-001A-CA27-C766-A7E3EDA8ABC7}.Debug|Any CPU.Build.0 = Debug|Any CPU
		{378528E5-001A-CA27-C766-A7E3EDA8ABC7}.Release|Any CPU.ActiveCfg = Release|Any CPU
		{378528E5-001A-CA27-C766-A7E3EDA8ABC7}.Release|Any CPU.Build.0 = Release|Any CPU
	EndGlobalSection
	GlobalSection(SolutionProperties) = preSolution
		HideSolutionNode = FALSE
	EndGlobalSection
	GlobalSection(MonoDevelopProperties) = preSolution
		StartupItem = Assembly-CSharp.csproj
	EndGlobalSection
EndGlobal
